# THIS IS AN AUTOGENERATED FILE. DO NOT EDIT THIS FILE DIRECTLY.
# yarn lockfile v1


"@babel/code-frame@^7.24.2":
  version "7.24.7"
  resolved "https://registry.yarnpkg.com/@babel/code-frame/-/code-frame-7.24.7.tgz#33b92489992f6d154aa50efe108563a2d8b1a3b8"
  integrity sha512-f6rlzwf0ry/JlceDGBWQUozp9UCQh49jH+6ozCozbgqWJjndq7G+PPn/7Zf0BkpcYcjeJcKnPLDnJbKYLLdgrg==
  dependencies:
    "@babel/highlight" "^7.24.7"
    picocolors "^1.0.0"

"@babel/highlight@^7.24.7":
  version "7.24.7"
  resolved "https://registry.yarnpkg.com/@babel/highlight/-/highlight-7.24.7.tgz#d5c1df6a5b72fd7e1f33e6b202c579f7f3dcc255"
  integrity sha512-BJqft6B8Fdnb/5PP9J9EFnedL3DySCGlnKZbA3A5NWoJs1MgOkhpHbGTBipBoFo/AhC3S/S8WRXY0Xz64NmrSA==
  dependencies:
    js-tokens "^4.0.0"
    picocolors "^1.0.0"

debug@2.6.9:
  version "2.6.9"
  resolved "https://registry.yarnpkg.com/debug/-/debug-2.6.9.tgz#3d3e1ad72dce598f27b144746101a3d8f57270e9"
  integrity sha512-IGyVRcglbQuX9vghGUdjPizKtlC9kF6pKI4iF0VbeM2D4OcU4I7EVNu7jF1NtCnvCg2K4VRgeCD4JBcMVJvekg==
  dependencies:
    ms "2.0.0"

debug@^4.3.4:
  version "4.3.5"
  resolved "https://registry.yarnpkg.com/debug/-/debug-4.3.5.tgz#72968934a34f1d58a05bda5ace22175632cdbc89"
  integrity sha512-++oPZe3YJ32xllGm5Y6IYXgj8LEb/BDAGsNZpcS7TLUQfJedfKHOfR1TA8q1HHsDvBVueziEgC3NYQh7bea4sA==
  dependencies:
    ms "2.1.2"

js-tokens@^4.0.0:
  version "4.0.0"
  resolved "https://registry.yarnpkg.com/js-tokens/-/js-tokens-4.0.0.tgz#055c87d9ddc940ccb43ce54945241cba544f567e"
  integrity sha512-hgvFIIZXEh0qKUvHJA9tb+6uMdEHBUTTBVdE5bnB0HXjEjOjXG0NsMmG74DF0EoiAWA+OCL55ZseKfL6rFqqEw==

mime@1.6.0:
  version "1.6.0"
  resolved "https://registry.yarnpkg.com/mime/-/mime-1.6.0.tgz#a92100f52c61ab72adabcd8315b21cf501e1aedf"
  integrity sha512-xgn8fgtXeLeaCBoueCnXUfSwXuSuM4GMQhO/UX3sCtQvbTMeMvmOj3HcBmhTNFWm7Yy0PyJNCqKCAPas/Bt6Xw==

ms@2.0.0:
  version "2.0.0"
  resolved "https://registry.yarnpkg.com/ms/-/ms-2.0.0.tgz#75aee418116663a660062626d8900947a801995e"
  integrity sha512-GzDco1VK+DfxVedli4bMu6XC47vqtBmY8/ezspZotp8r4Hs/5pUXBizBu70MZuxmkTa9Zk713DWfcC47dVLcaA==

ms@2.1.2:
  version "2.1.2"
  resolved "https://registry.yarnpkg.com/ms/-/ms-2.1.2.tgz#146888dacd63231a9585b6eb618cd915e3d43d91"
  integrity sha512-sPSQ7YPIO+S7u2y1o8yW2rOmB6YPWyWWkVJaUPfj8B23hijaE2d3WPcgokr/zDI1TTMCPARp31tt1ILsYUlQAg==

ms@2.1.3:
  version "2.1.3"
  resolved "https://registry.yarnpkg.com/ms/-/ms-2.1.3.tgz#8780c23502571b8e99e37259decb393275a851fc"
  integrity sha512-SNPMCfwMJciLloOwk1dR7uiNbEGq+2NV3Dxrg760V/KNK+Uq4w5U2vcmL31cswWNU1Fht3QgPY4jDq3ysrp7FQ==

picocolors@^1.0.0, picocolors@^1.0.1:
  version "1.0.1"
  resolved "https://registry.yarnpkg.com/picocolors/-/picocolors-1.0.1.tgz#00c4db3270d54bd6227b538dc50512f769449ed4"
  integrity sha512-3cOnerB815zBZzBY05o81xvrK+OKDutlshGerYclMnpn/KAOlPB5k5E2K5QY24KMTQ8VKdJSxa3dXRPtzKNdjg==

send@0.18.0:
  version "0.18.0"
  resolved "https://registry.yarnpkg.com/send/-/send-0.18.0.tgz#c51e923323528f2afadbd5974f64ecb18983b9ca"
  integrity sha512-pTZEObEL6vF2IJ9OCPojkfom1Rtyhc1aa/3EAvJvoPDXt4Hv+P/n20+chJu+c0KrdKaS7TuTFcCgPQ6jg908cg==
  dependencies:
    debug "2.6.9"
    mime "1.6.0"
    ms "2.1.3"
