{
  "name": "mono",
  "version": "0.0.0",
  "lockfileVersion": 3,
  "requires": true,
  "packages": {
    "": {
      "name": "mono",
      "version": "0.0.0",
      "workspaces": [
        "packages/*"
      ],
      "devDependencies": {
        "typescript": "^5.4.5"
      }
    },
    "node_modules/@mono/cli": {
      "resolved": "packages/cli",
      "link": true
    },
    "node_modules/@mono/core": {
      "resolved": "packages/core",
      "link": true
    },
    "node_modules/kleur": {
      "version": "4.1.5",
      "resolved": "https://registry.npmjs.org/kleur/-/kleur-4.1.5.tgz",
      "integrity": "sha512-fIrcmb4ZKuDOkyllNnrDFrkLohs/0HxNBXOrvrZRxBAmX89GKveZC3hgzSeZn/R3nM9qeaf3FOVUcLCvNUOtBg==",
      "engines": {
        "node": ">=6"
      }
    },
    "node_modules/typescript": {
      "version": "5.4.5",
      "resolved": "https://registry.npmjs.org/typescript/-/typescript-5.4.5.tgz",
      "integrity": "sha512-Kwx5st7aMDS44ZUj1R1tGl0tBmuUyx5d6kp8KbZg9pLssdGXTBoRZOS3FDhx1X6ogQyb9geVMeSdTJtD7mWwfg==",
      "dev": true,
      "bin": {
        "tsc": "bin/tsc",
        "tsserver": "bin/tsserver"
      },
      "engines": {
        "node": ">=14.17"
      }
    },
    "packages/cli": {
      "name": "@mono/cli",
      "version": "0.3.0",
      "dependencies": {
        "@mono/core": "^1.2.0",
        "commander": "^12.0.0"
      }
    },
    "packages/cli/node_modules/commander": {
      "version": "12.0.0",
      "resolved": "https://registry.npmjs.org/commander/-/commander-12.0.0.tgz",
      "integrity": "sha512-x2tQBcOcEV3EHmVimH9t9nAoHmm81Fx7Z6JlikJ0h+sHKhTJ6m/JDlEmJyHd4plTKClrdgkaLB28E6HSHxGtTQ==",
      "engines": {
        "node": ">=18"
      }
    },
    "packages/core": {
      "name": "@mono/core",
      "version": "1.2.0",
      "dependencies": {
        "kleur": "^4.1.5"
      }
    }
  }
}
