{
  "name": "hoisted-app",
  "version": "1.0.0",
  "lockfileVersion": 3,
  "requires": true,
  "packages": {
    "": {
      "name": "hoisted-app",
      "version": "1.0.0",
      "license": "MIT",
      "dependencies": {
        "@babel/highlight": "^7.24.7",
        "debug": "^4.3.4",
        "send": "0.18.0"
      },
      "devDependencies": {
        "typescript": "^5.4.5"
      },
      "optionalDependencies": {
        "fsevents": "^2.3.3"
      }
    },
    "node_modules/@babel/helper-validator-identifier": {
      "version": "7.24.7",
      "resolved": "https://registry.npmjs.org/@babel/helper-validator-identifier/-/helper-validator-identifier-7.24.7.tgz",
      "integrity": "sha512-eByk8dVFQpt6ChteMolXrcDElMfnnxwn2CXIMyKSa9YkwuVF5cxvsacsW/wOvP80hE+mCo4753etKsPdEt5gWw==",
      "engines": {
        "node": ">=6.9.0"
      }
    },
    "node_modules/@babel/highlight": {
      "version": "7.24.7",
      "resolved": "https://registry.npmjs.org/@babel/highlight/-/highlight-7.24.7.tgz",
      "integrity": "sha512-BJqft6B8Fdnb/5PP9J9EFnedL3DySCGlnKZbA3A5NWoJs1MgOkhpHbGTBipBoFo/AhC3S/S8WRXY0Xz64NmrSA==",
      "engines": {
        "node": ">=6.9.0"
      },
      "dependencies": {
        "@babel/helper-validator-identifier": "^7.24.7",
        "js-tokens": "^4.0.0"
      }
    },
    "node_modules/@babel/highlight/node_modules/js-tokens": {
      "version": "4.0.0",
      "resolved": "https://registry.npmjs.org/js-tokens/-/js-tokens-4.0.0.tgz",
      "integrity": "sha512-hgvFIIZXEh0qKUvHJA9tb+6uMdEHBUTTBVdE5bnB0HXjEjOjXG0NsMmG74DF0EoiAWA+OCL55ZseKfL6rFqqEw=="
    },
    "node_modules/debug": {
      "version": "4.3.4",
      "resolved": "https://registry.npmjs.org/debug/-/debug-4.3.4.tgz",
      "integrity": "sha512-BupPcoVax8AsUSFnrxsSdCRX52zZKBWKAhG0EJ+XMppgconjVGWdExLQrjTQzkKTZ23ctOrHCjl/gNb1Um162Q==",
      "engines": {
        "node": ">=6.0"
      },
      "peerDependenciesMeta": {
        "supports-color": {
          "optional": true
        }
      },
      "dependencies": {
        "ms": "2.1.2"
      }
    },
    "node_modules/fsevents": {
      "version": "2.3.3",
      "resolved": "https://registry.npmjs.org/fsevents/-/fsevents-2.3.3.tgz",
      "integrity": "sha512-ooO4QSxscGtRF5OrKsYxCmGrW7zqKYLLG8pkcSCM+hyToKaLqpfpelxLPd+cSUDhQAPRZkhhQIla2opyOj/PAA==",
      "hasInstallScript": true,
      "optional": true,
      "os": [
        "darwin"
      ],
      "engines": {
        "node": "^8.16.0 || ^10.6.0 || >=11.0.0"
      }
    },
    "node_modules/js-tokens": {
      "version": "4.0.0",
      "resolved": "https://registry.npmjs.org/js-tokens/-/js-tokens-4.0.0.tgz",
      "integrity": "sha512-hgvFIIZXEh0qKUvHJA9tb+6uMdEHBUTTBVdE5bnB0HXjEjOjXG0NsMmG74DF0EoiAWA+OCL55ZseKfL6rFqqEw=="
    },
    "node_modules/mime": {
      "version": "1.6.0",
      "resolved": "https://registry.npmjs.org/mime/-/mime-1.6.0.tgz",
      "integrity": "sha512-xgn8fgtXeLeaCBoueCnXUfSwXuSuM4GMQhO/UX3sCtQvbTMeMvmOj3HcBmhTNFWm7Yy0PyJNCqKCAPas/Bt6Xw==",
      "bin": {
        "mime": "cli.js"
      },
      "engines": {
        "node": ">=4"
      }
    },
    "node_modules/ms": {
      "version": "2.1.2",
      "resolved": "https://registry.npmjs.org/ms/-/ms-2.1.2.tgz",
      "integrity": "sha512-sPSQ7YPIO+S7u2y1o8yW2rOmB6YPWyWWkVJaUPfj8B23hijaE2d3WPcgokr/zDI1TTMCPARp31tt1ILsYUlQAg=="
    },
    "node_modules/send": {
      "version": "0.18.0",
      "resolved": "https://registry.npmjs.org/send/-/send-0.18.0.tgz",
      "integrity": "sha512-pTZEObEL6vF2IJ9OCPojkfom1Rtyhc1aa/3EAvJvoPDXt4Hv+P/n20+chJu+c0KrdKaS7TuTFcCgPQ6jg908cg==",
      "engines": {
        "node": ">= 0.8.0"
      },
      "dependencies": {
        "debug": "2.6.9",
        "mime": "1.6.0",
        "ms": "2.1.3"
      }
    },
    "node_modules/send/node_modules/debug": {
      "version": "2.6.9",
      "resolved": "https://registry.npmjs.org/debug/-/debug-2.6.9.tgz",
      "integrity": "sha512-IGyVRcglbQuX9vghGUdjPizKtlC9kF6pKI4iF0VbeM2D4OcU4I7EVNu7jF1NtCnvCg2K4VRgeCD4JBcMVJvekg==",
      "dependencies": {
        "ms": "2.0.0"
      }
    },
    "node_modules/send/node_modules/debug/node_modules/ms": {
      "version": "2.0.0",
      "resolved": "https://registry.npmjs.org/ms/-/ms-2.0.0.tgz",
      "integrity": "sha512-GzDco1VK+DfxVedli4bMu6XC47vqtBmY8/ezspZotp8r4Hs/5pUXBizBu70MZuxmkTa9Zk713DWfcC47dVLcaA=="
    },
    "node_modules/send/node_modules/ms": {
      "version": "2.1.3",
      "resolved": "https://registry.npmjs.org/ms/-/ms-2.1.3.tgz",
      "integrity": "sha512-SNPMCfwMJciLloOwk1dR7uiNbEGq+2NV3Dxrg760V/KNK+Uq4w5U2vcmL31cswWNU1Fht3QgPY4jDq3ysrp7FQ=="
    },
    "node_modules/typescript": {
      "version": "5.4.5",
      "resolved": "https://registry.npmjs.org/typescript/-/typescript-5.4.5.tgz",
      "integrity": "sha512-Kwx5st7aMDS44ZUj1R1tGl0tBmuUyx5d6kp8KbZg9pLssdGXTBoRZOS3FDhx1X6ogQyb9geVMeSdTJtD7mWwfg==",
      "dev": true,
      "bin": {
        "tsc": "bin/tsc",
        "tsserver": "bin/tsserver"
      },
      "engines": {
        "node": ">=14.17"
      }
    }
  }
}
