version = 1
requires-python = ">=3.12"

[[package]]
name = "app"
version = "0.1.0"
source = { editable = "." }
dependencies = [
    { name = "requests" },
]

[package.metadata]
requires-dist = [{ name = "requests", specifier = ">=2.31" }]

[[package]]
name = "certifi"
version = "2024.2.2"
source = { registry = "https://pypi.org/simple" }
sdist = { url = "https://files.pythonhosted.org/packages/certifi-2024.2.2.tar.gz", hash = "sha256:0569859f95fc761b18b45ef421b1290a0f65f147e92a1e5eb3e635f9a5e4e66f", size = 164886 }

[[package]]
name = "requests"
version = "2.31.0"
source = { registry = "https://pypi.org/simple" }
dependencies = [
    { name = "certifi" },
]
sdist = { url = "https://files.pythonhosted.org/packages/requests-2.31.0.tar.gz", hash = "sha256:942c5a758f98d790eaed1a29cb6eefc7ffb0d1cf7af05c3d2791656dbd6ad1e1", size = 110794 }
