{
  "name": "legacy-app",
  "version": "1.0.0",
  "lockfileVersion": 1,
  "requires": true,
  "dependencies": {
    "@types/debug": {
      "version": "4.1.12",
      "resolved": "https://registry.npmjs.org/@types/debug/-/debug-4.1.12.tgz",
      "integrity": "sha512-Hiz9BduoxF/IxcSpP2BOPuZNztXL1DZnFPS4dz+uzJgB2nDng6q6EgOj771QLakOrq/vVreueNcR8ybPxyevxA==",
      "dev": true,
      "requires": {
        "@types/ms": "*"
      }
    },
    "@types/ms": {
      "version": "0.7.34",
      "resolved": "https://registry.npmjs.org/@types/ms/-/ms-0.7.34.tgz",
      "integrity": "sha512-zmqvIicioy5hv/fF0zMI2ZDtQcp2jUhzzR7dkvs/HmV/MOBZZc31NTWqgzmSZikcZ8sNSuPwKuvPWRMU+pIwxQ==",
      "dev": true
    },
    "debug": {
      "version": "4.3.4",
      "resolved": "https://registry.npmjs.org/debug/-/debug-4.3.4.tgz",
      "integrity": "sha512-BupPcoVax8AsUSFnrxsSdCRX52zZKBWKAhG0EJ+XMppgconjVGWdExLQrjTQzkKTZ23ctOrHCjl/gNb1Um162Q==",
      "requires": {
        "ms": "2.1.2"
      }
    },
    "mime": {
      "version": "1.6.0",
      "resolved": "https://registry.npmjs.org/mime/-/mime-1.6.0.tgz",
      "integrity": "sha512-xgn8fgtXeLeaCBoueCnXUfSwXuSuM4GMQhO/UX3sCtQvbTMeMvmOj3HcBmhTNFWm7Yy0PyJNCqKCAPas/Bt6Xw=="
    },
    "ms": {
      "version": "2.1.2",
      "resolved": "https://registry.npmjs.org/ms/-/ms-2.1.2.tgz",
      "integrity": "sha512-sPSQ7YPIO+S7u2y1o8yW2rOmB6YPWyWWkVJaUPfj8B23hijaE2d3WPcgokr/zDI1TTMCPARp31tt1ILsYUlQAg=="
    },
    "send": {
      "version": "0.18.0",
      "resolved": "https://registry.npmjs.org/send/-/send-0.18.0.tgz",
      "integrity": "sha512-pTZEObEL6vF2IJ9OCPojkfom1Rtyhc1aa/3EAvJvoPDXt4Hv+P/n20+chJu+c0KrdKaS7TuTFcCgPQ6jg908cg==",
      "requires": {
        "debug": "2.6.9",
        "mime": "1.6.0",
        "ms": "2.1.3"
      },
      "dependencies": {
        "debug": {
          "version": "2.6.9",
          "resolved": "https://registry.npmjs.org/debug/-/debug-2.6.9.tgz",
          "integrity": "sha512-IGyVRcglbQuX9vghGUdjPizKtlC9kF6pKI4iF0VbeM2D4OcU4I7EVNu7jF1NtCnvCg2K4VRgeCD4JBcMVJvekg==",
          "requires": {
            "ms": "2.0.0"
          },
          "dependencies": {
            "ms": {
              "version": "2.0.0",
              "resolved": "https://registry.npmjs.org/ms/-/ms-2.0.0.tgz",
              "integrity": "sha512-GzDco1VK+DfxVedli4bMu6XC47vqtBmY8/ezspZotp8r4Hs/5pUXBizBu70MZuxmkTa9Zk713DWfcC47dVLcaA=="
            }
          }
        },
        "ms": {
          "version": "2.1.3",
          "resolved": "https://registry.npmjs.org/ms/-/ms-2.1.3.tgz",
          "integrity": "sha512-SNPMCfwMJciLloOwk1dR7uiNbEGq+2NV3Dxrg760V/KNK+Uq4w5U2vcmL31cswWNU1Fht3QgPY4jDq3ysrp7FQ=="
        }
      }
    }
  }
}
