# This file is generated by running "yarn install" inside your project.
# Manual changes might be lost - proceed with caution!

__metadata:
  version: 8
  cacheKey: 10c0

"@babel/code-frame@npm:^7.24.2":
  version: 7.24.7
  resolution: "@babel/code-frame@npm:7.24.7"
  dependencies:
    "@babel/highlight": "npm:^7.24.7"
    picocolors: "npm:^1.0.0"
  checksum: 10c0/cd92c9de639b81dea06644dc6c021a3b24c660081f7d0aa775cc3055bd5d42af
  languageName: node
  linkType: hard

"@babel/highlight@npm:^7.24.7":
  version: 7.24.7
  resolution: "@babel/highlight@npm:7.24.7"
  dependencies:
    js-tokens: "npm:^4.0.0"
    picocolors: "npm:^1.0.0"
  checksum: 10c0/63383b072266bfdb1b71a0b256e364ead6dd2a29822bf4c7e0121dc75240475f
  languageName: node
  linkType: hard

"berry-app@workspace:.":
  version: 0.0.0-use.local
  resolution: "berry-app@workspace:."
  dependencies:
    "@babel/code-frame": "npm:^7.24.2"
    debug: "npm:^4.3.4"
    picocolors: "npm:^1.0.1"
    send: "npm:0.18.0"
  languageName: unknown
  linkType: soft

"debug@npm:2.6.9":
  version: 2.6.9
  resolution: "debug@npm:2.6.9"
  dependencies:
    ms: "npm:2.0.0"
  checksum: 10c0/7b12e16e3fe9bf11e3b9a89bb058b30290a190b4f4c2ab413839c33d4b60fe60
  languageName: node
  linkType: hard

"debug@npm:^4.3.4":
  version: 4.3.5
  resolution: "debug@npm:4.3.5"
  dependencies:
    ms: "npm:2.1.2"
  peerDependenciesMeta:
    supports-color:
      optional: true
  checksum: 10c0/2b79e52054a8a55f4aac431f983a65735434fdb24a338d917d98a6fa84fa5524
  languageName: node
  linkType: hard

"js-tokens@npm:^4.0.0":
  version: 4.0.0
  resolution: "js-tokens@npm:4.0.0"
  checksum: 10c0/bfc095fd1c28c4dddb8faa3b38ae76644d8a6f7b2d10d85342393f58dc33d1ec
  languageName: node
  linkType: hard

"mime@npm:1.6.0":
  version: 1.6.0
  resolution: "mime@npm:1.6.0"
  checksum: 10c0/9667e0a5f66371d921c3beeeb4002f974acffbcf7a1b0061d75856aba7bbd517
  languageName: node
  linkType: hard

"ms@npm:2.0.0":
  version: 2.0.0
  resolution: "ms@npm:2.0.0"
  checksum: 10c0/5f307df58e0e68fc5f0000ce13b53f09d0824f73335fcfb43c474716140e8911
  languageName: node
  linkType: hard

"ms@npm:2.1.2":
  version: 2.1.2
  resolution: "ms@npm:2.1.2"
  checksum: 10c0/2b2716e298237195cadea4f612c256ed2c1a9a2269983e441f959a271c1d1481
  languageName: node
  linkType: hard

"ms@npm:2.1.3":
  version: 2.1.3
  resolution: "ms@npm:2.1.3"
  checksum: 10c0/dffd4912c44db3173ed1463c4cc2c1c083dcd1ab8695608091da8d88d34bfe17
  languageName: node
  linkType: hard

"picocolors@npm:^1.0.0, picocolors@npm:^1.0.1":
  version: 1.0.1
  resolution: "picocolors@npm:1.0.1"
  checksum: 10c0/d9700774a30d35f17a71335a88e56ffc6619e2947d3fe86a1765e0f9a686d04a
  languageName: node
  linkType: hard

"send@npm:0.18.0":
  version: 0.18.0
  resolution: "send@npm:0.18.0"
  dependencies:
    debug: "npm:2.6.9"
    mime: "npm:1.6.0"
    ms: "npm:2.1.3"
  checksum: 10c0/e6d3144f208f3f365a7013b387a013db9ebf70c5e1345e7fb238997a29c0129c
  languageName: node
  linkType: hard
